// !$*UTF8*$!
{
	archiveVersion = 1;
	classes = {
	};
	objectVersion = 46;
	objects = {

/* Begin PBXBuildFile section */
		020EA7C11E8BAD03004B91E2 /* RequestService.swift in Sources */ = {isa = PBXBuildFile; fileRef = 020EA7C01E8BAD03004B91E2 /* RequestService.swift */; };
		020EA7C81E8BDE1A004B91E2 /* CustomTableVCell.swift in Sources */ = {isa = PBXBuildFile; fileRef = 020EA7C71E8BDE1A004B91E2 /* CustomTableVCell.swift */; };
		020EA7CA1E8BE564004B91E2 /* RestaurantModelTest.swift in Sources */ = {isa = PBXBuildFile; fileRef = 020EA7C91E8BE564004B91E2 /* RestaurantModelTest.swift */; };
		020EA7CB1E8BE713004B91E2 /* Restaurant.swift in Sources */ = {isa = PBXBuildFile; fileRef = 028AD1B81E8AC9A900F1B4C7 /* Restaurant.swift */; };
		020EA7D21E8BEE5D004B91E2 /* Restoran+CoreDataClass.swift in Sources */ = {isa = PBXBuildFile; fileRef = 020EA7D01E8BEE5D004B91E2 /* Restoran+CoreDataClass.swift */; };
		020EA7D31E8BEE5D004B91E2 /* Restoran+CoreDataProperties.swift in Sources */ = {isa = PBXBuildFile; fileRef = 020EA7D11E8BEE5D004B91E2 /* Restoran+CoreDataProperties.swift */; };
		020EA7D41E8BF394004B91E2 /* Restoran+CoreDataClass.swift in Sources */ = {isa = PBXBuildFile; fileRef = 020EA7D01E8BEE5D004B91E2 /* Restoran+CoreDataClass.swift */; };
		020EA7D51E8BF399004B91E2 /* Restoran+CoreDataProperties.swift in Sources */ = {isa = PBXBuildFile; fileRef = 020EA7D11E8BEE5D004B91E2 /* Restoran+CoreDataProperties.swift */; };
		020EA7D71E8BF3C9004B91E2 /* PersistenceManager.swift in Sources */ = {isa = PBXBuildFile; fileRef = 020EA7D61E8BF3C9004B91E2 /* PersistenceManager.swift */; };
		020EA7D91E8BF3FA004B91E2 /* PersistenceManagerTest.swift in Sources */ = {isa = PBXBuildFile; fileRef = 020EA7D81E8BF3FA004B91E2 /* PersistenceManagerTest.swift */; };
		020EA7DB1E8BFDA1004B91E2 /* MapVC.swift in Sources */ = {isa = PBXBuildFile; fileRef = 020EA7DA1E8BFDA1004B91E2 /* MapVC.swift */; };
		020EA7DD1E8BFDC1004B91E2 /* RestaurantTableVC.swift in Sources */ = {isa = PBXBuildFile; fileRef = 020EA7DC1E8BFDC1004B91E2 /* RestaurantTableVC.swift */; };
		020EA7E31E8C5337004B91E2 /* CoreDataTableViewController.swift in Sources */ = {isa = PBXBuildFile; fileRef = 020EA7E21E8C5337004B91E2 /* CoreDataTableViewController.swift */; };
		021D60221E900B2E00B9F24B /* AddItemVC.swift in Sources */ = {isa = PBXBuildFile; fileRef = 021D60211E900B2D00B9F24B /* AddItemVC.swift */; };
		021DB86B1E92E8C60098664D /* PersistenceManager.swift in Sources */ = {isa = PBXBuildFile; fileRef = 020EA7D61E8BF3C9004B91E2 /* PersistenceManager.swift */; };
		021DB86C1E92ED090098664D /* Constants.swift in Sources */ = {isa = PBXBuildFile; fileRef = 028AD1BB1E8ACD2500F1B4C7 /* Constants.swift */; };
		021DB86E1E92EED20098664D /* ImagePickerVC.swift in Sources */ = {isa = PBXBuildFile; fileRef = 029BC2781E92882A00D061BA /* ImagePickerVC.swift */; };
		021DB86F1E92EED20098664D /* CoreDataTableViewController.swift in Sources */ = {isa = PBXBuildFile; fileRef = 020EA7E21E8C5337004B91E2 /* CoreDataTableViewController.swift */; };
		021DB8701E92EED70098664D /* RestaurantTableVC.swift in Sources */ = {isa = PBXBuildFile; fileRef = 020EA7DC1E8BFDC1004B91E2 /* RestaurantTableVC.swift */; };
		021DB8711E92EED70098664D /* AddItemVC.swift in Sources */ = {isa = PBXBuildFile; fileRef = 021D60211E900B2D00B9F24B /* AddItemVC.swift */; };
		021DB8721E92EED70098664D /* MapVC.swift in Sources */ = {isa = PBXBuildFile; fileRef = 020EA7DA1E8BFDA1004B91E2 /* MapVC.swift */; };
		021DB8731E92EEDB0098664D /* RequestService.swift in Sources */ = {isa = PBXBuildFile; fileRef = 020EA7C01E8BAD03004B91E2 /* RequestService.swift */; };
		021DB8741E92EEE40098664D /* Assets.xcassets in Resources */ = {isa = PBXBuildFile; fileRef = 02A5BCA31E8ABCB600C95C11 /* Assets.xcassets */; };
		021DB8751E92EEE80098664D /* AppDelegate.swift in Sources */ = {isa = PBXBuildFile; fileRef = 02A5BC971E8ABCB600C95C11 /* AppDelegate.swift */; };
		021DB8761E92EEEF0098664D /* RestaurantAnnotation.swift in Sources */ = {isa = PBXBuildFile; fileRef = 023C347E1E91A99F00951E16 /* RestaurantAnnotation.swift */; };
		021DB8771E92EEF60098664D /* CustomTableVCell.swift in Sources */ = {isa = PBXBuildFile; fileRef = 020EA7C71E8BDE1A004B91E2 /* CustomTableVCell.swift */; };
		021DB8781E92EEF60098664D /* CustomAnnotation.swift in Sources */ = {isa = PBXBuildFile; fileRef = 024224981E92380D002AA4EF /* CustomAnnotation.swift */; };
		023C347F1E91A99F00951E16 /* RestaurantAnnotation.swift in Sources */ = {isa = PBXBuildFile; fileRef = 023C347E1E91A99F00951E16 /* RestaurantAnnotation.swift */; };
		024224991E92380D002AA4EF /* CustomAnnotation.swift in Sources */ = {isa = PBXBuildFile; fileRef = 024224981E92380D002AA4EF /* CustomAnnotation.swift */; };
		028AD1B91E8AC9A900F1B4C7 /* Restaurant.swift in Sources */ = {isa = PBXBuildFile; fileRef = 028AD1B81E8AC9A900F1B4C7 /* Restaurant.swift */; };
		028AD1BC1E8ACD2500F1B4C7 /* Constants.swift in Sources */ = {isa = PBXBuildFile; fileRef = 028AD1BB1E8ACD2500F1B4C7 /* Constants.swift */; };
		029BC2791E92882A00D061BA /* ImagePickerVC.swift in Sources */ = {isa = PBXBuildFile; fileRef = 029BC2781E92882A00D061BA /* ImagePickerVC.swift */; };
		02A5BC981E8ABCB600C95C11 /* AppDelegate.swift in Sources */ = {isa = PBXBuildFile; fileRef = 02A5BC971E8ABCB600C95C11 /* AppDelegate.swift */; };
		02A5BC9B1E8ABCB600C95C11 /* Restaurant_Base.xcdatamodeld in Sources */ = {isa = PBXBuildFile; fileRef = 02A5BC991E8ABCB600C95C11 /* Restaurant_Base.xcdatamodeld */; };
		02A5BCA21E8ABCB600C95C11 /* Main.storyboard in Resources */ = {isa = PBXBuildFile; fileRef = 02A5BCA01E8ABCB600C95C11 /* Main.storyboard */; };
		02A5BCA41E8ABCB600C95C11 /* Assets.xcassets in Resources */ = {isa = PBXBuildFile; fileRef = 02A5BCA31E8ABCB600C95C11 /* Assets.xcassets */; };
		02A5BCA71E8ABCB600C95C11 /* LaunchScreen.storyboard in Resources */ = {isa = PBXBuildFile; fileRef = 02A5BCA51E8ABCB600C95C11 /* LaunchScreen.storyboard */; };
		02A5BCBD1E8ABCB600C95C11 /* Restaurant_BaseUITests.swift in Sources */ = {isa = PBXBuildFile; fileRef = 02A5BCBC1E8ABCB600C95C11 /* Restaurant_BaseUITests.swift */; };
		669A63F0A26B19632B5C104B /* Pods_Restaurant_Base.framework in Frameworks */ = {isa = PBXBuildFile; fileRef = D0D76992766693C778D46899 /* Pods_Restaurant_Base.framework */; };
		BB24932DABA63FD2708E53D0 /* Pods_Restaurant_BaseTests.framework in Frameworks */ = {isa = PBXBuildFile; fileRef = 69E3EE3D95F98AD65E382E5B /* Pods_Restaurant_BaseTests.framework */; };
		F0998F821032812D63A0A37C /* Pods_Restaurant_BaseUITests.framework in Frameworks */ = {isa = PBXBuildFile; fileRef = F2933246365E65A7F03CAFF7 /* Pods_Restaurant_BaseUITests.framework */; };
/* End PBXBuildFile section */

/* Begin PBXContainerItemProxy section */
		02A5BCAE1E8ABCB600C95C11 /* PBXContainerItemProxy */ = {
			isa = PBXContainerItemProxy;
			containerPortal = 02A5BC8C1E8ABCB600C95C11 /* Project object */;
			proxyType = 1;
			remoteGlobalIDString = 02A5BC931E8ABCB600C95C11;
			remoteInfo = "Restaurant Base";
		};
		02A5BCB91E8ABCB600C95C11 /* PBXContainerItemProxy */ = {
			isa = PBXContainerItemProxy;
			containerPortal = 02A5BC8C1E8ABCB600C95C11 /* Project object */;
			proxyType = 1;
			remoteGlobalIDString = 02A5BC931E8ABCB600C95C11;
			remoteInfo = "Restaurant Base";
		};
/* End PBXContainerItemProxy section */

/* Begin PBXFileReference section */
		020EA7C01E8BAD03004B91E2 /* RequestService.swift */ = {isa = PBXFileReference; fileEncoding = 4; lastKnownFileType = sourcecode.swift; path = RequestService.swift; sourceTree = "<group>"; };
		020EA7C71E8BDE1A004B91E2 /* CustomTableVCell.swift */ = {isa = PBXFileReference; fileEncoding = 4; lastKnownFileType = sourcecode.swift; path = CustomTableVCell.swift; sourceTree = "<group>"; };
		020EA7C91E8BE564004B91E2 /* RestaurantModelTest.swift */ = {isa = PBXFileReference; fileEncoding = 4; lastKnownFileType = sourcecode.swift; path = RestaurantModelTest.swift; sourceTree = "<group>"; };
		020EA7D01E8BEE5D004B91E2 /* Restoran+CoreDataClass.swift */ = {isa = PBXFileReference; fileEncoding = 4; lastKnownFileType = sourcecode.swift; path = "Restoran+CoreDataClass.swift"; sourceTree = "<group>"; };
		020EA7D11E8BEE5D004B91E2 /* Restoran+CoreDataProperties.swift */ = {isa = PBXFileReference; fileEncoding = 4; lastKnownFileType = sourcecode.swift; path = "Restoran+CoreDataProperties.swift"; sourceTree = "<group>"; };
		020EA7D61E8BF3C9004B91E2 /* PersistenceManager.swift */ = {isa = PBXFileReference; fileEncoding = 4; lastKnownFileType = sourcecode.swift; path = PersistenceManager.swift; sourceTree = "<group>"; };
		020EA7D81E8BF3FA004B91E2 /* PersistenceManagerTest.swift */ = {isa = PBXFileReference; fileEncoding = 4; lastKnownFileType = sourcecode.swift; path = PersistenceManagerTest.swift; sourceTree = "<group>"; };
		020EA7DA1E8BFDA1004B91E2 /* MapVC.swift */ = {isa = PBXFileReference; fileEncoding = 4; lastKnownFileType = sourcecode.swift; path = MapVC.swift; sourceTree = "<group>"; };
		020EA7DC1E8BFDC1004B91E2 /* RestaurantTableVC.swift */ = {isa = PBXFileReference; fileEncoding = 4; lastKnownFileType = sourcecode.swift; path = RestaurantTableVC.swift; sourceTree = "<group>"; };
		020EA7E21E8C5337004B91E2 /* CoreDataTableViewController.swift */ = {isa = PBXFileReference; fileEncoding = 4; lastKnownFileType = sourcecode.swift; name = CoreDataTableViewController.swift; path = ../CoreData/CoreDataTableViewController.swift; sourceTree = "<group>"; };
		021D60211E900B2D00B9F24B /* AddItemVC.swift */ = {isa = PBXFileReference; fileEncoding = 4; lastKnownFileType = sourcecode.swift; path = AddItemVC.swift; sourceTree = "<group>"; };
		023C347E1E91A99F00951E16 /* RestaurantAnnotation.swift */ = {isa = PBXFileReference; fileEncoding = 4; lastKnownFileType = sourcecode.swift; path = RestaurantAnnotation.swift; sourceTree = "<group>"; };
		024224981E92380D002AA4EF /* CustomAnnotation.swift */ = {isa = PBXFileReference; fileEncoding = 4; lastKnownFileType = sourcecode.swift; path = CustomAnnotation.swift; sourceTree = "<group>"; };
		028AD1B81E8AC9A900F1B4C7 /* Restaurant.swift */ = {isa = PBXFileReference; fileEncoding = 4; lastKnownFileType = sourcecode.swift; path = Restaurant.swift; sourceTree = "<group>"; };
		028AD1BB1E8ACD2500F1B4C7 /* Constants.swift */ = {isa = PBXFileReference; fileEncoding = 4; lastKnownFileType = sourcecode.swift; path = Constants.swift; sourceTree = "<group>"; };
		029BC2781E92882A00D061BA /* ImagePickerVC.swift */ = {isa = PBXFileReference; fileEncoding = 4; lastKnownFileType = sourcecode.swift; path = ImagePickerVC.swift; sourceTree = "<group>"; };
		02A5BC941E8ABCB600C95C11 /* Restaurant Base.app */ = {isa = PBXFileReference; explicitFileType = wrapper.application; includeInIndex = 0; path = "Restaurant Base.app"; sourceTree = BUILT_PRODUCTS_DIR; };
		02A5BC971E8ABCB600C95C11 /* AppDelegate.swift */ = {isa = PBXFileReference; lastKnownFileType = sourcecode.swift; path = AppDelegate.swift; sourceTree = "<group>"; };
		02A5BC9A1E8ABCB600C95C11 /* Restaurant_Base.xcdatamodel */ = {isa = PBXFileReference; lastKnownFileType = wrapper.xcdatamodel; path = Restaurant_Base.xcdatamodel; sourceTree = "<group>"; };
		02A5BCA11E8ABCB600C95C11 /* Base */ = {isa = PBXFileReference; lastKnownFileType = file.storyboard; name = Base; path = Base.lproj/Main.storyboard; sourceTree = "<group>"; };
		02A5BCA31E8ABCB600C95C11 /* Assets.xcassets */ = {isa = PBXFileReference; lastKnownFileType = folder.assetcatalog; path = Assets.xcassets; sourceTree = "<group>"; };
		02A5BCA61E8ABCB600C95C11 /* Base */ = {isa = PBXFileReference; lastKnownFileType = file.storyboard; name = Base; path = Base.lproj/LaunchScreen.storyboard; sourceTree = "<group>"; };
		02A5BCA81E8ABCB600C95C11 /* Info.plist */ = {isa = PBXFileReference; lastKnownFileType = text.plist.xml; path = Info.plist; sourceTree = "<group>"; };
		02A5BCAD1E8ABCB600C95C11 /* Restaurant BaseTests.xctest */ = {isa = PBXFileReference; explicitFileType = wrapper.cfbundle; includeInIndex = 0; path = "Restaurant BaseTests.xctest"; sourceTree = BUILT_PRODUCTS_DIR; };
		02A5BCB31E8ABCB600C95C11 /* Info.plist */ = {isa = PBXFileReference; lastKnownFileType = text.plist.xml; path = Info.plist; sourceTree = "<group>"; };
		02A5BCB81E8ABCB600C95C11 /* Restaurant BaseUITests.xctest */ = {isa = PBXFileReference; explicitFileType = wrapper.cfbundle; includeInIndex = 0; path = "Restaurant BaseUITests.xctest"; sourceTree = BUILT_PRODUCTS_DIR; };
		02A5BCBC1E8ABCB600C95C11 /* Restaurant_BaseUITests.swift */ = {isa = PBXFileReference; lastKnownFileType = sourcecode.swift; path = Restaurant_BaseUITests.swift; sourceTree = "<group>"; };
		02A5BCBE1E8ABCB600C95C11 /* Info.plist */ = {isa = PBXFileReference; lastKnownFileType = text.plist.xml; path = Info.plist; sourceTree = "<group>"; };
		369F52245A5F27499AED8370 /* Pods-Restaurant BaseUITests.release.xcconfig */ = {isa = PBXFileReference; includeInIndex = 1; lastKnownFileType = text.xcconfig; name = "Pods-Restaurant BaseUITests.release.xcconfig"; path = "Pods/Target Support Files/Pods-Restaurant BaseUITests/Pods-Restaurant BaseUITests.release.xcconfig"; sourceTree = "<group>"; };
		5ECE2EDD4225409772AD6A40 /* Pods-Restaurant Base.debug.xcconfig */ = {isa = PBXFileReference; includeInIndex = 1; lastKnownFileType = text.xcconfig; name = "Pods-Restaurant Base.debug.xcconfig"; path = "Pods/Target Support Files/Pods-Restaurant Base/Pods-Restaurant Base.debug.xcconfig"; sourceTree = "<group>"; };
		69E3EE3D95F98AD65E382E5B /* Pods_Restaurant_BaseTests.framework */ = {isa = PBXFileReference; explicitFileType = wrapper.framework; includeInIndex = 0; path = Pods_Restaurant_BaseTests.framework; sourceTree = BUILT_PRODUCTS_DIR; };
		A1A73A9FA7CB14A186EF769F /* Pods-Restaurant BaseTests.release.xcconfig */ = {isa = PBXFileReference; includeInIndex = 1; lastKnownFileType = text.xcconfig; name = "Pods-Restaurant BaseTests.release.xcconfig"; path = "Pods/Target Support Files/Pods-Restaurant BaseTests/Pods-Restaurant BaseTests.release.xcconfig"; sourceTree = "<group>"; };
		AA6F5FE870F94164FDBDE02D /* Pods-Restaurant BaseTests.debug.xcconfig */ = {isa = PBXFileReference; includeInIndex = 1; lastKnownFileType = text.xcconfig; name = "Pods-Restaurant BaseTests.debug.xcconfig"; path = "Pods/Target Support Files/Pods-Restaurant BaseTests/Pods-Restaurant BaseTests.debug.xcconfig"; sourceTree = "<group>"; };
		C3A6598D16B784D830F07AEE /* Pods-Restaurant Base.release.xcconfig */ = {isa = PBXFileReference; includeInIndex = 1; lastKnownFileType = text.xcconfig; name = "Pods-Restaurant Base.release.xcconfig"; path = "Pods/Target Support Files/Pods-Restaurant Base/Pods-Restaurant Base.release.xcconfig"; sourceTree = "<group>"; };
		D0D76992766693C778D46899 /* Pods_Restaurant_Base.framework */ = {isa = PBXFileReference; explicitFileType = wrapper.framework; includeInIndex = 0; path = Pods_Restaurant_Base.framework; sourceTree = BUILT_PRODUCTS_DIR; };
		D11F7EE7B450907761FA3F1C /* Pods-Restaurant BaseUITests.debug.xcconfig */ = {isa = PBXFileReference; includeInIndex = 1; lastKnownFileType = text.xcconfig; name = "Pods-Restaurant BaseUITests.debug.xcconfig"; path = "Pods/Target Support Files/Pods-Restaurant BaseUITests/Pods-Restaurant BaseUITests.debug.xcconfig"; sourceTree = "<group>"; };
		F2933246365E65A7F03CAFF7 /* Pods_Restaurant_BaseUITests.framework */ = {isa = PBXFileReference; explicitFileType = wrapper.framework; includeInIndex = 0; path = Pods_Restaurant_BaseUITests.framework; sourceTree = BUILT_PRODUCTS_DIR; };
/* End PBXFileReference section */

/* Begin PBXFrameworksBuildPhase section */
		02A5BC911E8ABCB600C95C11 /* Frameworks */ = {
			isa = PBXFrameworksBuildPhase;
			buildActionMask = 2147483647;
			files = (
				669A63F0A26B19632B5C104B /* Pods_Restaurant_Base.framework in Frameworks */,
			);
			runOnlyForDeploymentPostprocessing = 0;
		};
		02A5BCAA1E8ABCB600C95C11 /* Frameworks */ = {
			isa = PBXFrameworksBuildPhase;
			buildActionMask = 2147483647;
			files = (
				BB24932DABA63FD2708E53D0 /* Pods_Restaurant_BaseTests.framework in Frameworks */,
			);
			runOnlyForDeploymentPostprocessing = 0;
		};
		02A5BCB51E8ABCB600C95C11 /* Frameworks */ = {
			isa = PBXFrameworksBuildPhase;
			buildActionMask = 2147483647;
			files = (
				F0998F821032812D63A0A37C /* Pods_Restaurant_BaseUITests.framework in Frameworks */,
			);
			runOnlyForDeploymentPostprocessing = 0;
		};
/* End PBXFrameworksBuildPhase section */

/* Begin PBXGroup section */
		020EA7BE1E8BA0A3004B91E2 /* SupportingFiles */ = {
			isa = PBXGroup;
			children = (
				02A5BC971E8ABCB600C95C11 /* AppDelegate.swift */,
				02A5BCA81E8ABCB600C95C11 /* Info.plist */,
				02A5BCA51E8ABCB600C95C11 /* LaunchScreen.storyboard */,
			);
			path = SupportingFiles;
			sourceTree = "<group>";
		};
		020EA7BF1E8BACED004B91E2 /* Service */ = {
			isa = PBXGroup;
			children = (
				020EA7C01E8BAD03004B91E2 /* RequestService.swift */,
			);
			path = Service;
			sourceTree = "<group>";
		};
		020EA7C21E8BC0C5004B91E2 /* CoreData */ = {
			isa = PBXGroup;
			children = (
				020EA7D61E8BF3C9004B91E2 /* PersistenceManager.swift */,
				020EA7D01E8BEE5D004B91E2 /* Restoran+CoreDataClass.swift */,
				020EA7D11E8BEE5D004B91E2 /* Restoran+CoreDataProperties.swift */,
				02A5BC991E8ABCB600C95C11 /* Restaurant_Base.xcdatamodeld */,
			);
			path = CoreData;
			sourceTree = "<group>";
		};
		021DB8681E92B2510098664D /* ModelViewController */ = {
			isa = PBXGroup;
			children = (
				029BC2781E92882A00D061BA /* ImagePickerVC.swift */,
				020EA7E21E8C5337004B91E2 /* CoreDataTableViewController.swift */,
			);
			name = ModelViewController;
			path = Controllers;
			sourceTree = "<group>";
		};
		028AD1BA1E8ACD1500F1B4C7 /* Utilites */ = {
			isa = PBXGroup;
			children = (
				028AD1BB1E8ACD2500F1B4C7 /* Constants.swift */,
			);
			path = Utilites;
			sourceTree = "<group>";
		};
		02A5BC8B1E8ABCB600C95C11 = {
			isa = PBXGroup;
			children = (
				021DB8681E92B2510098664D /* ModelViewController */,
				02A5BCCC1E8ABD0F00C95C11 /* ViewController */,
				020EA7BF1E8BACED004B91E2 /* Service */,
				028AD1BA1E8ACD1500F1B4C7 /* Utilites */,
				02A5BC961E8ABCB600C95C11 /* Resources */,
				020EA7BE1E8BA0A3004B91E2 /* SupportingFiles */,
				02A5BCCA1E8ABCFA00C95C11 /* Model */,
				02A5BCCB1E8ABD0700C95C11 /* View */,
				020EA7C21E8BC0C5004B91E2 /* CoreData */,
				2E87E1A64D38382D8BBFBE60 /* Frameworks */,
				58960F262E916A5B91A1F3CB /* Pods */,
				02A5BC951E8ABCB600C95C11 /* Products */,
				02A5BCB01E8ABCB600C95C11 /* Restaurant BaseTests */,
				02A5BCBB1E8ABCB600C95C11 /* Restaurant BaseUITests */,
			);
			sourceTree = "<group>";
		};
		02A5BC951E8ABCB600C95C11 /* Products */ = {
			isa = PBXGroup;
			children = (
				02A5BC941E8ABCB600C95C11 /* Restaurant Base.app */,
				02A5BCAD1E8ABCB600C95C11 /* Restaurant BaseTests.xctest */,
				02A5BCB81E8ABCB600C95C11 /* Restaurant BaseUITests.xctest */,
			);
			name = Products;
			sourceTree = "<group>";
		};
		02A5BC961E8ABCB600C95C11 /* Resources */ = {
			isa = PBXGroup;
			children = (
				02A5BCA31E8ABCB600C95C11 /* Assets.xcassets */,
			);
			path = Resources;
			sourceTree = "<group>";
		};
		02A5BCB01E8ABCB600C95C11 /* Restaurant BaseTests */ = {
			isa = PBXGroup;
			children = (
				02A5BCB31E8ABCB600C95C11 /* Info.plist */,
				020EA7D81E8BF3FA004B91E2 /* PersistenceManagerTest.swift */,
				020EA7C91E8BE564004B91E2 /* RestaurantModelTest.swift */,
			);
			path = "Restaurant BaseTests";
			sourceTree = "<group>";
		};
		02A5BCBB1E8ABCB600C95C11 /* Restaurant BaseUITests */ = {
			isa = PBXGroup;
			children = (
				02A5BCBE1E8ABCB600C95C11 /* Info.plist */,
				02A5BCBC1E8ABCB600C95C11 /* Restaurant_BaseUITests.swift */,
			);
			path = "Restaurant BaseUITests";
			sourceTree = "<group>";
		};
		02A5BCCA1E8ABCFA00C95C11 /* Model */ = {
			isa = PBXGroup;
			children = (
				028AD1B81E8AC9A900F1B4C7 /* Restaurant.swift */,
				023C347E1E91A99F00951E16 /* RestaurantAnnotation.swift */,
			);
			path = Model;
			sourceTree = "<group>";
		};
		02A5BCCB1E8ABD0700C95C11 /* View */ = {
			isa = PBXGroup;
			children = (
				020EA7C71E8BDE1A004B91E2 /* CustomTableVCell.swift */,
				024224981E92380D002AA4EF /* CustomAnnotation.swift */,
				02A5BCA01E8ABCB600C95C11 /* Main.storyboard */,
			);
			path = View;
			sourceTree = "<group>";
		};
		02A5BCCC1E8ABD0F00C95C11 /* ViewController */ = {
			isa = PBXGroup;
			children = (
				020EA7DC1E8BFDC1004B91E2 /* RestaurantTableVC.swift */,
				021D60211E900B2D00B9F24B /* AddItemVC.swift */,
				020EA7DA1E8BFDA1004B91E2 /* MapVC.swift */,
			);
			name = ViewController;
			path = Controllers;
			sourceTree = "<group>";
		};
		2E87E1A64D38382D8BBFBE60 /* Frameworks */ = {
			isa = PBXGroup;
			children = (
				D0D76992766693C778D46899 /* Pods_Restaurant_Base.framework */,
				69E3EE3D95F98AD65E382E5B /* Pods_Restaurant_BaseTests.framework */,
				F2933246365E65A7F03CAFF7 /* Pods_Restaurant_BaseUITests.framework */,
			);
			name = Frameworks;
			sourceTree = "<group>";
		};
		58960F262E916A5B91A1F3CB /* Pods */ = {
			isa = PBXGroup;
			children = (
				5ECE2EDD4225409772AD6A40 /* Pods-Restaurant Base.debug.xcconfig */,
				C3A6598D16B784D830F07AEE /* Pods-Restaurant Base.release.xcconfig */,
				AA6F5FE870F94164FDBDE02D /* Pods-Restaurant BaseTests.debug.xcconfig */,
				A1A73A9FA7CB14A186EF769F /* Pods-Restaurant BaseTests.release.xcconfig */,
				D11F7EE7B450907761FA3F1C /* Pods-Restaurant BaseUITests.debug.xcconfig */,
				369F52245A5F27499AED8370 /* Pods-Restaurant BaseUITests.release.xcconfig */,
			);
			name = Pods;
			sourceTree = "<group>";
		};
/* End PBXGroup section */

/* Begin PBXNativeTarget section */
		02A5BC931E8ABCB600C95C11 /* Restaurant Base */ = {
			isa = PBXNativeTarget;
			buildConfigurationList = 02A5BCC11E8ABCB600C95C11 /* Build configuration list for PBXNativeTarget "Restaurant Base" */;
			buildPhases = (
				FFC7325E6247B301E499957B /* [CP] Check Pods Manifest.lock */,
				02A5BC901E8ABCB600C95C11 /* Sources */,
				02A5BC911E8ABCB600C95C11 /* Frameworks */,
				02A5BC921E8ABCB600C95C11 /* Resources */,
				F7513012E5E78A822364B3BD /* [CP] Embed Pods Frameworks */,
				49F955585858E9BB336BC855 /* [CP] Copy Pods Resources */,
			);
			buildRules = (
			);
			dependencies = (
			);
			name = "Restaurant Base";
			productName = "Restaurant Base";
			productReference = 02A5BC941E8ABCB600C95C11 /* Restaurant Base.app */;
			productType = "com.apple.product-type.application";
		};
		02A5BCAC1E8ABCB600C95C11 /* Restaurant BaseTests */ = {
			isa = PBXNativeTarget;
			buildConfigurationList = 02A5BCC41E8ABCB600C95C11 /* Build configuration list for PBXNativeTarget "Restaurant BaseTests" */;
			buildPhases = (
				A5237496DD8CC55690784888 /* [CP] Check Pods Manifest.lock */,
				02A5BCA91E8ABCB600C95C11 /* Sources */,
				02A5BCAA1E8ABCB600C95C11 /* Frameworks */,
				02A5BCAB1E8ABCB600C95C11 /* Resources */,
				F66E6605DB79D2540E5E0C01 /* [CP] Embed Pods Frameworks */,
				03C67ABD21703970E01FBF91 /* [CP] Copy Pods Resources */,
			);
			buildRules = (
			);
			dependencies = (
				02A5BCAF1E8ABCB600C95C11 /* PBXTargetDependency */,
			);
			name = "Restaurant BaseTests";
			productName = "Restaurant BaseTests";
			productReference = 02A5BCAD1E8ABCB600C95C11 /* Restaurant BaseTests.xctest */;
			productType = "com.apple.product-type.bundle.unit-test";
		};
		02A5BCB71E8ABCB600C95C11 /* Restaurant BaseUITests */ = {
			isa = PBXNativeTarget;
			buildConfigurationList = 02A5BCC71E8ABCB600C95C11 /* Build configuration list for PBXNativeTarget "Restaurant BaseUITests" */;
			buildPhases = (
				D096098446C613865065E9A1 /* [CP] Check Pods Manifest.lock */,
				02A5BCB41E8ABCB600C95C11 /* Sources */,
				02A5BCB51E8ABCB600C95C11 /* Frameworks */,
				02A5BCB61E8ABCB600C95C11 /* Resources */,
				FE6AD1A3BED8252E5E8DCDA8 /* [CP] Embed Pods Frameworks */,
				6F5F2C458218DD970E6196EC /* [CP] Copy Pods Resources */,
			);
			buildRules = (
			);
			dependencies = (
				02A5BCBA1E8ABCB600C95C11 /* PBXTargetDependency */,
			);
			name = "Restaurant BaseUITests";
			productName = "Restaurant BaseUITests";
			productReference = 02A5BCB81E8ABCB600C95C11 /* Restaurant BaseUITests.xctest */;
			productType = "com.apple.product-type.bundle.ui-testing";
		};
/* End PBXNativeTarget section */

/* Begin PBXProject section */
		02A5BC8C1E8ABCB600C95C11 /* Project object */ = {
			isa = PBXProject;
			attributes = {
				LastSwiftUpdateCheck = 0820;
				LastUpgradeCheck = 0820;
				ORGANIZATIONNAME = "Sinisa Vukovic";
				TargetAttributes = {
					02A5BC931E8ABCB600C95C11 = {
						CreatedOnToolsVersion = 8.2.1;
						DevelopmentTeam = P6XDXRR446;
						ProvisioningStyle = Automatic;
					};
					02A5BCAC1E8ABCB600C95C11 = {
						CreatedOnToolsVersion = 8.2.1;
						DevelopmentTeam = P6XDXRR446;
						ProvisioningStyle = Automatic;
						TestTargetID = 02A5BC931E8ABCB600C95C11;
					};
					02A5BCB71E8ABCB600C95C11 = {
						CreatedOnToolsVersion = 8.2.1;
						DevelopmentTeam = P6XDXRR446;
						ProvisioningStyle = Automatic;
						TestTargetID = 02A5BC931E8ABCB600C95C11;
					};
				};
			};
			buildConfigurationList = 02A5BC8F1E8ABCB600C95C11 /* Build configuration list for PBXProject "Restaurant Base" */;
			compatibilityVersion = "Xcode 3.2";
			developmentRegion = English;
			hasScannedForEncodings = 0;
			knownRegions = (
				en,
				Base,
			);
			mainGroup = 02A5BC8B1E8ABCB600C95C11;
			productRefGroup = 02A5BC951E8ABCB600C95C11 /* Products */;
			projectDirPath = "";
			projectRoot = "";
			targets = (
				02A5BC931E8ABCB600C95C11 /* Restaurant Base */,
				02A5BCAC1E8ABCB600C95C11 /* Restaurant BaseTests */,
				02A5BCB71E8ABCB600C95C11 /* Restaurant BaseUITests */,
			);
		};
/* End PBXProject section */

/* Begin PBXResourcesBuildPhase section */
		02A5BC921E8ABCB600C95C11 /* Resources */ = {
			isa = PBXResourcesBuildPhase;
			buildActionMask = 2147483647;
			files = (
				02A5BCA71E8ABCB600C95C11 /* LaunchScreen.storyboard in Resources */,
				02A5BCA41E8ABCB600C95C11 /* Assets.xcassets in Resources */,
				02A5BCA21E8ABCB600C95C11 /* Main.storyboard in Resources */,
			);
			runOnlyForDeploymentPostprocessing = 0;
		};
		02A5BCAB1E8ABCB600C95C11 /* Resources */ = {
			isa = PBXResourcesBuildPhase;
			buildActionMask = 2147483647;
			files = (
				021DB8741E92EEE40098664D /* Assets.xcassets in Resources */,
			);
			runOnlyForDeploymentPostprocessing = 0;
		};
		02A5BCB61E8ABCB600C95C11 /* Resources */ = {
			isa = PBXResourcesBuildPhase;
			buildActionMask = 2147483647;
			files = (
			);
			runOnlyForDeploymentPostprocessing = 0;
		};
/* End PBXResourcesBuildPhase section */

/* Begin PBXShellScriptBuildPhase section */
		03C67ABD21703970E01FBF91 /* [CP] Copy Pods Resources */ = {
			isa = PBXShellScriptBuildPhase;
			buildActionMask = 2147483647;
			files = (
			);
			inputPaths = (
			);
			name = "[CP] Copy Pods Resources";
			outputPaths = (
			);
			runOnlyForDeploymentPostprocessing = 0;
			shellPath = /bin/sh;
			shellScript = "\"${SRCROOT}/Pods/Target Support Files/Pods-Restaurant BaseTests/Pods-Restaurant BaseTests-resources.sh\"\n";
			showEnvVarsInLog = 0;
		};
		49F955585858E9BB336BC855 /* [CP] Copy Pods Resources */ = {
			isa = PBXShellScriptBuildPhase;
			buildActionMask = 2147483647;
			files = (
			);
			inputPaths = (
			);
			name = "[CP] Copy Pods Resources";
			outputPaths = (
			);
			runOnlyForDeploymentPostprocessing = 0;
			shellPath = /bin/sh;
			shellScript = "\"${SRCROOT}/Pods/Target Support Files/Pods-Restaurant Base/Pods-Restaurant Base-resources.sh\"\n";
			showEnvVarsInLog = 0;
		};
		6F5F2C458218DD970E6196EC /* [CP] Copy Pods Resources */ = {
			isa = PBXShellScriptBuildPhase;
			buildActionMask = 2147483647;
			files = (
			);
			inputPaths = (
			);
			name = "[CP] Copy Pods Resources";
			outputPaths = (
			);
			runOnlyForDeploymentPostprocessing = 0;
			shellPath = /bin/sh;
			shellScript = "\"${SRCROOT}/Pods/Target Support Files/Pods-Restaurant BaseUITests/Pods-Restaurant BaseUITests-resources.sh\"\n";
			showEnvVarsInLog = 0;
		};
		A5237496DD8CC55690784888 /* [CP] Check Pods Manifest.lock */ = {
			isa = PBXShellScriptBuildPhase;
			buildActionMask = 2147483647;
			files = (
			);
			inputPaths = (
			);
			name = "[CP] Check Pods Manifest.lock";
			outputPaths = (
			);
			runOnlyForDeploymentPostprocessing = 0;
			shellPath = /bin/sh;
			shellScript = "diff \"${PODS_PODFILE_DIR_PATH}/Podfile.lock\" \"${PODS_ROOT}/Manifest.lock\" > /dev/null\nif [ $? != 0 ] ; then\n    # print error to STDERR\n    echo \"error: The sandbox is not in sync with the Podfile.lock. Run 'pod install' or update your CocoaPods installation.\" >&2\n    exit 1\nfi\n";
			showEnvVarsInLog = 0;
		};
		D096098446C613865065E9A1 /* [CP] Check Pods Manifest.lock */ = {
			isa = PBXShellScriptBuildPhase;
			buildActionMask = 2147483647;
			files = (
			);
			inputPaths = (
			);
			name = "[CP] Check Pods Manifest.lock";
			outputPaths = (
			);
			runOnlyForDeploymentPostprocessing = 0;
			shellPath = /bin/sh;
			shellScript = "diff \"${PODS_PODFILE_DIR_PATH}/Podfile.lock\" \"${PODS_ROOT}/Manifest.lock\" > /dev/null\nif [ $? != 0 ] ; then\n    # print error to STDERR\n    echo \"error: The sandbox is not in sync with the Podfile.lock. Run 'pod install' or update your CocoaPods installation.\" >&2\n    exit 1\nfi\n";
			showEnvVarsInLog = 0;
		};
		F66E6605DB79D2540E5E0C01 /* [CP] Embed Pods Frameworks */ = {
			isa = PBXShellScriptBuildPhase;
			buildActionMask = 2147483647;
			files = (
			);
			inputPaths = (
			);
			name = "[CP] Embed Pods Frameworks";
			outputPaths = (
			);
			runOnlyForDeploymentPostprocessing = 0;
			shellPath = /bin/sh;
			shellScript = "\"${SRCROOT}/Pods/Target Support Files/Pods-Restaurant BaseTests/Pods-Restaurant BaseTests-frameworks.sh\"\n";
			showEnvVarsInLog = 0;
		};
		F7513012E5E78A822364B3BD /* [CP] Embed Pods Frameworks */ = {
			isa = PBXShellScriptBuildPhase;
			buildActionMask = 2147483647;
			files = (
			);
			inputPaths = (
			);
			name = "[CP] Embed Pods Frameworks";
			outputPaths = (
			);
			runOnlyForDeploymentPostprocessing = 0;
			shellPath = /bin/sh;
			shellScript = "\"${SRCROOT}/Pods/Target Support Files/Pods-Restaurant Base/Pods-Restaurant Base-frameworks.sh\"\n";
			showEnvVarsInLog = 0;
		};
		FE6AD1A3BED8252E5E8DCDA8 /* [CP] Embed Pods Frameworks */ = {
			isa = PBXShellScriptBuildPhase;
			buildActionMask = 2147483647;
			files = (
			);
			inputPaths = (
			);
			name = "[CP] Embed Pods Frameworks";
			outputPaths = (
			);
			runOnlyForDeploymentPostprocessing = 0;
			shellPath = /bin/sh;
			shellScript = "\"${SRCROOT}/Pods/Target Support Files/Pods-Restaurant BaseUITests/Pods-Restaurant BaseUITests-frameworks.sh\"\n";
			showEnvVarsInLog = 0;
		};
		FFC7325E6247B301E499957B /* [CP] Check Pods Manifest.lock */ = {
			isa = PBXShellScriptBuildPhase;
			buildActionMask = 2147483647;
			files = (
			);
			inputPaths = (
			);
			name = "[CP] Check Pods Manifest.lock";
			outputPaths = (
			);
			runOnlyForDeploymentPostprocessing = 0;
			shellPath = /bin/sh;
			shellScript = "diff \"${PODS_PODFILE_DIR_PATH}/Podfile.lock\" \"${PODS_ROOT}/Manifest.lock\" > /dev/null\nif [ $? != 0 ] ; then\n    # print error to STDERR\n    echo \"error: The sandbox is not in sync with the Podfile.lock. Run 'pod install' or update your CocoaPods installation.\" >&2\n    exit 1\nfi\n";
			showEnvVarsInLog = 0;
		};
/* End PBXShellScriptBuildPhase section */

/* Begin PBXSourcesBuildPhase section */
		02A5BC901E8ABCB600C95C11 /* Sources */ = {
			isa = PBXSourcesBuildPhase;
			buildActionMask = 2147483647;
			files = (
				020EA7C11E8BAD03004B91E2 /* RequestService.swift in Sources */,
				028AD1B91E8AC9A900F1B4C7 /* Restaurant.swift in Sources */,
				024224991E92380D002AA4EF /* CustomAnnotation.swift in Sources */,
				020EA7E31E8C5337004B91E2 /* CoreDataTableViewController.swift in Sources */,
				021D60221E900B2E00B9F24B /* AddItemVC.swift in Sources */,
				020EA7C81E8BDE1A004B91E2 /* CustomTableVCell.swift in Sources */,
				02A5BC981E8ABCB600C95C11 /* AppDelegate.swift in Sources */,
				02A5BC9B1E8ABCB600C95C11 /* Restaurant_Base.xcdatamodeld in Sources */,
				029BC2791E92882A00D061BA /* ImagePickerVC.swift in Sources */,
				020EA7DD1E8BFDC1004B91E2 /* RestaurantTableVC.swift in Sources */,
				020EA7D31E8BEE5D004B91E2 /* Restoran+CoreDataProperties.swift in Sources */,
				020EA7D21E8BEE5D004B91E2 /* Restoran+CoreDataClass.swift in Sources */,
				020EA7DB1E8BFDA1004B91E2 /* MapVC.swift in Sources */,
				020EA7D71E8BF3C9004B91E2 /* PersistenceManager.swift in Sources */,
				028AD1BC1E8ACD2500F1B4C7 /* Constants.swift in Sources */,
				023C347F1E91A99F00951E16 /* RestaurantAnnotation.swift in Sources */,
			);
			runOnlyForDeploymentPostprocessing = 0;
		};
		02A5BCA91E8ABCB600C95C11 /* Sources */ = {
			isa = PBXSourcesBuildPhase;
			buildActionMask = 2147483647;
			files = (
				021DB86E1E92EED20098664D /* ImagePickerVC.swift in Sources */,
				021DB8781E92EEF60098664D /* CustomAnnotation.swift in Sources */,
				021DB8721E92EED70098664D /* MapVC.swift in Sources */,
				020EA7D51E8BF399004B91E2 /* Restoran+CoreDataProperties.swift in Sources */,
				021DB8701E92EED70098664D /* RestaurantTableVC.swift in Sources */,
				021DB8751E92EEE80098664D /* AppDelegate.swift in Sources */,
				020EA7D91E8BF3FA004B91E2 /* PersistenceManagerTest.swift in Sources */,
				020EA7CA1E8BE564004B91E2 /* RestaurantModelTest.swift in Sources */,
				021DB8711E92EED70098664D /* AddItemVC.swift in Sources */,
				021DB86B1E92E8C60098664D /* PersistenceManager.swift in Sources */,
				021DB86C1E92ED090098664D /* Constants.swift in Sources */,
				021DB8771E92EEF60098664D /* CustomTableVCell.swift in Sources */,
				021DB8761E92EEEF0098664D /* RestaurantAnnotation.swift in Sources */,
				020EA7D41E8BF394004B91E2 /* Restoran+CoreDataClass.swift in Sources */,
				021DB8731E92EEDB0098664D /* RequestService.swift in Sources */,
				020EA7CB1E8BE713004B91E2 /* Restaurant.swift in Sources */,
				021DB86F1E92EED20098664D /* CoreDataTableViewController.swift in Sources */,
			);
			runOnlyForDeploymentPostprocessing = 0;
		};
		02A5BCB41E8ABCB600C95C11 /* Sources */ = {
			isa = PBXSourcesBuildPhase;
			buildActionMask = 2147483647;
			files = (
				02A5BCBD1E8ABCB600C95C11 /* Restaurant_BaseUITests.swift in Sources */,
			);
			runOnlyForDeploymentPostprocessing = 0;
		};
/* End PBXSourcesBuildPhase section */

/* Begin PBXTargetDependency section */
		02A5BCAF1E8ABCB600C95C11 /* PBXTargetDependency */ = {
			isa = PBXTargetDependency;
			target = 02A5BC931E8ABCB600C95C11 /* Restaurant Base */;
			targetProxy = 02A5BCAE1E8ABCB600C95C11 /* PBXContainerItemProxy */;
		};
		02A5BCBA1E8ABCB600C95C11 /* PBXTargetDependency */ = {
			isa = PBXTargetDependency;
			target = 02A5BC931E8ABCB600C95C11 /* Restaurant Base */;
			targetProxy = 02A5BCB91E8ABCB600C95C11 /* PBXContainerItemProxy */;
		};
/* End PBXTargetDependency section */

/* Begin PBXVariantGroup section */
		02A5BCA01E8ABCB600C95C11 /* Main.storyboard */ = {
			isa = PBXVariantGroup;
			children = (
				02A5BCA11E8ABCB600C95C11 /* Base */,
			);
			name = Main.storyboard;
			path = .;
			sourceTree = "<group>";
		};
		02A5BCA51E8ABCB600C95C11 /* LaunchScreen.storyboard */ = {
			isa = PBXVariantGroup;
			children = (
				02A5BCA61E8ABCB600C95C11 /* Base */,
			);
			name = LaunchScreen.storyboard;
			path = .;
			sourceTree = "<group>";
		};
/* End PBXVariantGroup section */

/* Begin XCBuildConfiguration section */
		02A5BCBF1E8ABCB600C95C11 /* Debug */ = {
			isa = XCBuildConfiguration;
			buildSettings = {
				ALWAYS_SEARCH_USER_PATHS = NO;
				CLANG_ANALYZER_NONNULL = YES;
				CLANG_CXX_LANGUAGE_STANDARD = "gnu++0x";
				CLANG_CXX_LIBRARY = "libc++";
				CLANG_ENABLE_MODULES = YES;
				CLANG_ENABLE_OBJC_ARC = YES;
				CLANG_WARN_BOOL_CONVERSION = YES;
				CLANG_WARN_CONSTANT_CONVERSION = YES;
				CLANG_WARN_DIRECT_OBJC_ISA_USAGE = YES_ERROR;
				CLANG_WARN_DOCUMENTATION_COMMENTS = YES;
				CLANG_WARN_EMPTY_BODY = YES;
				CLANG_WARN_ENUM_CONVERSION = YES;
				CLANG_WARN_INFINITE_RECURSION = YES;
				CLANG_WARN_INT_CONVERSION = YES;
				CLANG_WARN_OBJC_ROOT_CLASS = YES_ERROR;
				CLANG_WARN_SUSPICIOUS_MOVE = YES;
				CLANG_WARN_UNREACHABLE_CODE = YES;
				CLANG_WARN__DUPLICATE_METHOD_MATCH = YES;
				"CODE_SIGN_IDENTITY[sdk=iphoneos*]" = "iPhone Developer";
				COPY_PHASE_STRIP = NO;
				DEBUG_INFORMATION_FORMAT = dwarf;
				ENABLE_STRICT_OBJC_MSGSEND = YES;
				ENABLE_TESTABILITY = YES;
				GCC_C_LANGUAGE_STANDARD = gnu99;
				GCC_DYNAMIC_NO_PIC = NO;
				GCC_NO_COMMON_BLOCKS = YES;
				GCC_OPTIMIZATION_LEVEL = 0;
				GCC_PREPROCESSOR_DEFINITIONS = (
					"DEBUG=1",
					"$(inherited)",
				);
				GCC_WARN_64_TO_32_BIT_CONVERSION = YES;
				GCC_WARN_ABOUT_RETURN_TYPE = YES_ERROR;
				GCC_WARN_UNDECLARED_SELECTOR = YES;
				GCC_WARN_UNINITIALIZED_AUTOS = YES_AGGRESSIVE;
				GCC_WARN_UNUSED_FUNCTION = YES;
				GCC_WARN_UNUSED_VARIABLE = YES;
				IPHONEOS_DEPLOYMENT_TARGET = 10.2;
				MTL_ENABLE_DEBUG_INFO = YES;
				ONLY_ACTIVE_ARCH = YES;
				SDKROOT = iphoneos;
				SWIFT_ACTIVE_COMPILATION_CONDITIONS = DEBUG;
				SWIFT_OPTIMIZATION_LEVEL = "-Onone";
				TARGETED_DEVICE_FAMILY = "1,2";
			};
			name = Debug;
		};
		02A5BCC01E8ABCB600C95C11 /* Release */ = {
			isa = XCBuildConfiguration;
			buildSettings = {
				ALWAYS_SEARCH_USER_PATHS = NO;
				CLANG_ANALYZER_NONNULL = YES;
				CLANG_CXX_LANGUAGE_STANDARD = "gnu++0x";
				CLANG_CXX_LIBRARY = "libc++";
				CLANG_ENABLE_MODULES = YES;
				CLANG_ENABLE_OBJC_ARC = YES;
				CLANG_WARN_BOOL_CONVERSION = YES;
				CLANG_WARN_CONSTANT_CONVERSION = YES;
				CLANG_WARN_DIRECT_OBJC_ISA_USAGE = YES_ERROR;
				CLANG_WARN_DOCUMENTATION_COMMENTS = YES;
				CLANG_WARN_EMPTY_BODY = YES;
				CLANG_WARN_ENUM_CONVERSION = YES;
				CLANG_WARN_INFINITE_RECURSION = YES;
				CLANG_WARN_INT_CONVERSION = YES;
				CLANG_WARN_OBJC_ROOT_CLASS = YES_ERROR;
				CLANG_WARN_SUSPICIOUS_MOVE = YES;
				CLANG_WARN_UNREACHABLE_CODE = YES;
				CLANG_WARN__DUPLICATE_METHOD_MATCH = YES;
				"CODE_SIGN_IDENTITY[sdk=iphoneos*]" = "iPhone Developer";
				COPY_PHASE_STRIP = NO;
				DEBUG_INFORMATION_FORMAT = "dwarf-with-dsym";
				ENABLE_NS_ASSERTIONS = NO;
				ENABLE_STRICT_OBJC_MSGSEND = YES;
				GCC_C_LANGUAGE_STANDARD = gnu99;
				GCC_NO_COMMON_BLOCKS = YES;
				GCC_WARN_64_TO_32_BIT_CONVERSION = YES;
				GCC_WARN_ABOUT_RETURN_TYPE = YES_ERROR;
				GCC_WARN_UNDECLARED_SELECTOR = YES;
				GCC_WARN_UNINITIALIZED_AUTOS = YES_AGGRESSIVE;
				GCC_WARN_UNUSED_FUNCTION = YES;
				GCC_WARN_UNUSED_VARIABLE = YES;
				IPHONEOS_DEPLOYMENT_TARGET = 10.2;
				MTL_ENABLE_DEBUG_INFO = NO;
				SDKROOT = iphoneos;
				SWIFT_OPTIMIZATION_LEVEL = "-Owholemodule";
				TARGETED_DEVICE_FAMILY = "1,2";
				VALIDATE_PRODUCT = YES;
			};
			name = Release;
		};
		02A5BCC21E8ABCB600C95C11 /* Debug */ = {
			isa = XCBuildConfiguration;
			baseConfigurationReference = 5ECE2EDD4225409772AD6A40 /* Pods-Restaurant Base.debug.xcconfig */;
			buildSettings = {
				ASSETCATALOG_COMPILER_APPICON_NAME = AppIcon;
				DEVELOPMENT_TEAM = P6XDXRR446;
				INFOPLIST_FILE = "$(SRCROOT)/SupportingFiles/Info.plist";
				LD_RUNPATH_SEARCH_PATHS = "$(inherited) @executable_path/Frameworks";
				PRODUCT_BUNDLE_IDENTIFIER = "com.sinisa.vukovic.Restaurant-Base";
				PRODUCT_NAME = "$(TARGET_NAME)";
				SWIFT_VERSION = 3.0;
			};
			name = Debug;
		};
		02A5BCC31E8ABCB600C95C11 /* Release */ = {
			isa = XCBuildConfiguration;
			baseConfigurationReference = C3A6598D16B784D830F07AEE /* Pods-Restaurant Base.release.xcconfig */;
			buildSettings = {
				ASSETCATALOG_COMPILER_APPICON_NAME = AppIcon;
				DEVELOPMENT_TEAM = P6XDXRR446;
				INFOPLIST_FILE = "$(SRCROOT)/SupportingFiles/Info.plist";
				LD_RUNPATH_SEARCH_PATHS = "$(inherited) @executable_path/Frameworks";
				PRODUCT_BUNDLE_IDENTIFIER = "com.sinisa.vukovic.Restaurant-Base";
				PRODUCT_NAME = "$(TARGET_NAME)";
				SWIFT_VERSION = 3.0;
			};
			name = Release;
		};
		02A5BCC51E8ABCB600C95C11 /* Debug */ = {
			isa = XCBuildConfiguration;
			baseConfigurationReference = AA6F5FE870F94164FDBDE02D /* Pods-Restaurant BaseTests.debug.xcconfig */;
			buildSettings = {
				ALWAYS_EMBED_SWIFT_STANDARD_LIBRARIES = YES;
				BUNDLE_LOADER = "$(TEST_HOST)";
				DEVELOPMENT_TEAM = P6XDXRR446;
				INFOPLIST_FILE = "Restaurant BaseTests/Info.plist";
				LD_RUNPATH_SEARCH_PATHS = "$(inherited) @executable_path/Frameworks @loader_path/Frameworks";
				PRODUCT_BUNDLE_IDENTIFIER = "com.sinisa.vukovic.Restaurant-BaseTests";
				PRODUCT_NAME = "$(TARGET_NAME)";
				SWIFT_VERSION = 3.0;
				TEST_HOST = "$(BUILT_PRODUCTS_DIR)/Restaurant Base.app/Restaurant Base";
			};
			name = Debug;
		};
		02A5BCC61E8ABCB600C95C11 /* Release */ = {
			isa = XCBuildConfiguration;
			baseConfigurationReference = A1A73A9FA7CB14A186EF769F /* Pods-Restaurant BaseTests.release.xcconfig */;
			buildSettings = {
				ALWAYS_EMBED_SWIFT_STANDARD_LIBRARIES = YES;
				BUNDLE_LOADER = "$(TEST_HOST)";
				DEVELOPMENT_TEAM = P6XDXRR446;
				INFOPLIST_FILE = "Restaurant BaseTests/Info.plist";
				LD_RUNPATH_SEARCH_PATHS = "$(inherited) @executable_path/Frameworks @loader_path/Frameworks";
				PRODUCT_BUNDLE_IDENTIFIER = "com.sinisa.vukovic.Restaurant-BaseTests";
				PRODUCT_NAME = "$(TARGET_NAME)";
				SWIFT_VERSION = 3.0;
				TEST_HOST = "$(BUILT_PRODUCTS_DIR)/Restaurant Base.app/Restaurant Base";
			};
			name = Release;
		};
		02A5BCC81E8ABCB600C95C11 /* Debug */ = {
			isa = XCBuildConfiguration;
			baseConfigurationReference = D11F7EE7B450907761FA3F1C /* Pods-Restaurant BaseUITests.debug.xcconfig */;
			buildSettings = {
				ALWAYS_EMBED_SWIFT_STANDARD_LIBRARIES = YES;
				DEVELOPMENT_TEAM = P6XDXRR446;
				INFOPLIST_FILE = "Restaurant BaseUITests/Info.plist";
				LD_RUNPATH_SEARCH_PATHS = "$(inherited) @executable_path/Frameworks @loader_path/Frameworks";
				PRODUCT_BUNDLE_IDENTIFIER = "com.sinisa.vukovic.Restaurant-BaseUITests";
				PRODUCT_NAME = "$(TARGET_NAME)";
				SWIFT_VERSION = 3.0;
				TEST_TARGET_NAME = "Restaurant Base";
			};
			name = Debug;
		};
		02A5BCC91E8ABCB600C95C11 /* Release */ = {
			isa = XCBuildConfiguration;
			baseConfigurationReference = 369F52245A5F27499AED8370 /* Pods-Restaurant BaseUITests.release.xcconfig */;
			buildSettings = {
				ALWAYS_EMBED_SWIFT_STANDARD_LIBRARIES = YES;
				DEVELOPMENT_TEAM = P6XDXRR446;
				INFOPLIST_FILE = "Restaurant BaseUITests/Info.plist";
				LD_RUNPATH_SEARCH_PATHS = "$(inherited) @executable_path/Frameworks @loader_path/Frameworks";
				PRODUCT_BUNDLE_IDENTIFIER = "com.sinisa.vukovic.Restaurant-BaseUITests";
				PRODUCT_NAME = "$(TARGET_NAME)";
				SWIFT_VERSION = 3.0;
				TEST_TARGET_NAME = "Restaurant Base";
			};
			name = Release;
		};
/* End XCBuildConfiguration section */

/* Begin XCConfigurationList section */
		02A5BC8F1E8ABCB600C95C11 /* Build configuration list for PBXProject "Restaurant Base" */ = {
			isa = XCConfigurationList;
			buildConfigurations = (
				02A5BCBF1E8ABCB600C95C11 /* Debug */,
				02A5BCC01E8ABCB600C95C11 /* Release */,
			);
			defaultConfigurationIsVisible = 0;
			defaultConfigurationName = Release;
		};
		02A5BCC11E8ABCB600C95C11 /* Build configuration list for PBXNativeTarget "Restaurant Base" */ = {
			isa = XCConfigurationList;
			buildConfigurations = (
				02A5BCC21E8ABCB600C95C11 /* Debug */,
				02A5BCC31E8ABCB600C95C11 /* Release */,
			);
			defaultConfigurationIsVisible = 0;
			defaultConfigurationName = Release;
		};
		02A5BCC41E8ABCB600C95C11 /* Build configuration list for PBXNativeTarget "Restaurant BaseTests" */ = {
			isa = XCConfigurationList;
			buildConfigurations = (
				02A5BCC51E8ABCB600C95C11 /* Debug */,
				02A5BCC61E8ABCB600C95C11 /* Release */,
			);
			defaultConfigurationIsVisible = 0;
			defaultConfigurationName = Release;
		};
		02A5BCC71E8ABCB600C95C11 /* Build configuration list for PBXNativeTarget "Restaurant BaseUITests" */ = {
			isa = XCConfigurationList;
			buildConfigurations = (
				02A5BCC81E8ABCB600C95C11 /* Debug */,
				02A5BCC91E8ABCB600C95C11 /* Release */,
			);
			defaultConfigurationIsVisible = 0;
			defaultConfigurationName = Release;
		};
/* End XCConfigurationList section */

/* Begin XCVersionGroup section */
		02A5BC991E8ABCB600C95C11 /* Restaurant_Base.xcdatamodeld */ = {
			isa = XCVersionGroup;
			children = (
				02A5BC9A1E8ABCB600C95C11 /* Restaurant_Base.xcdatamodel */,
			);
			currentVersion = 02A5BC9A1E8ABCB600C95C11 /* Restaurant_Base.xcdatamodel */;
			name = Restaurant_Base.xcdatamodeld;
			path = ../Resources/Restaurant_Base.xcdatamodeld;
			sourceTree = "<group>";
			versionGroupType = wrapper.xcdatamodel;
		};
/* End XCVersionGroup section */
	};
	rootObject = 02A5BC8C1E8ABCB600C95C11 /* Project object */;
}
